
Microsoft Visual Studio Solution File, Format Version 12.00
# Visual Studio Version 17
VisualStudioVersion = 17.1.32319.34
MinimumVisualStudioVersion = 10.0.40219.1
Project("{FAE04EC0-301F-11D3-BF4B-00C04F79EFBC}") = "LessonFour", "LessonFour\LessonFour.csproj", "{C0D26248-9173-49DA-AF33-3A0AED843834}"
EndProject
Project("{FAE04EC0-301F-11D3-BF4B-00C04F79EFBC}") = "Indeksators", "Indeksators\Indeksators.csproj", "{927F063E-1DBB-42FE-9157-635329616B15}"
EndProject
Project("{FAE04EC0-301F-11D3-BF4B-00C04F79EFBC}") = "HomeWork", "HomeWork\HomeWork.csproj", "{A52D5C50-690D-4FED-A92C-5A3C90DAEA2E}"
EndProject
Global
	GlobalSection(SolutionConfigurationPlatforms) = preSolution
		Debug|Any CPU = Debug|Any CPU
		Release|Any CPU = Release|Any CPU
	EndGlobalSection
	GlobalSection(ProjectConfigurationPlatforms) = postSolution
		{C0D26248-9173-49DA-AF33-3A0AED843834}.Debug|Any CPU.ActiveCfg = Debug|Any CPU
		{C0D26248-9173-49DA-AF33-3A0AED843834}.Debug|Any CPU.Build.0 = Debug|Any CPU
		{C0D26248-9173-49DA-AF33-3A0AED843834}.Release|Any CPU.ActiveCfg = Release|Any CPU
		{C0D26248-9173-49DA-AF33-3A0AED843834}.Release|Any CPU.Build.0 = Release|Any CPU
		{927F063E-1DBB-42FE-9157-635329616B15}.Debug|Any CPU.ActiveCfg = Debug|Any CPU
		{927F063E-1DBB-42FE-9157-635329616B15}.Debug|Any CPU.Build.0 = Debug|Any CPU
		{927F063E-1DBB-42FE-9157-635329616B15}.Release|Any CPU.ActiveCfg = Release|Any CPU
		{927F063E-1DBB-42FE-9157-635329616B15}.Release|Any CPU.Build.0 = Release|Any CPU
		{A52D5C50-690D-4FED-A92C-5A3C90DAEA2E}.Debug|Any CPU.ActiveCfg = Debug|Any CPU
		{A52D5C50-690D-4FED-A92C-5A3C90DAEA2E}.Debug|Any CPU.Build.0 = Debug|Any CPU
		{A52D5C50-690D-4FED-A92C-5A3C90DAEA2E}.Release|Any CPU.ActiveCfg = Release|Any CPU
		{A52D5C50-690D-4FED-A92C-5A3C90DAEA2E}.Release|Any CPU.Build.0 = Release|Any CPU
	EndGlobalSection
	GlobalSection(SolutionProperties) = preSolution
		HideSolutionNode = FALSE
	EndGlobalSection
	GlobalSection(ExtensibilityGlobals) = postSolution
		SolutionGuid = {96ABAC7A-3114-4623-81FA-9BBC08ABF056}
	EndGlobalSection
EndGlobal
